{
  "name": "mojtipusr",
  "version": "1.0.0",
  "lockfileVersion": 3,
  "requires": true,
  "packages": {
    "": {
      "name": "mojtipusr",
      "version": "1.0.0",
      "license": "ISC",
      "dependencies": {
        "mojtipprog": "^1.0.0"
      }
    },
    "node_modules/lodash": {
      "version": "4.17.21",
      "resolved": "https://registry.npmjs.org/lodash/-/lodash-4.17.21.tgz",
      "integrity": "sha512-v2kDEe57lecTulaDIuNTPy3Ry4gLGJ6Z1O3vE1krgXZNrsQ+LFTGHVxVjcXPs17LhbZVGedAJv8XZ1tvj5FvSg==",
      "license": "MIT"
    },
    "node_modules/mojtipprog": {
      "version": "1.0.0",
      "resolved": "https://registry.npmjs.org/mojtipprog/-/mojtipprog-1.0.0.tgz",
      "integrity": "sha512-/lbeGwfo3h1dHdfFEFGynb4/2xnPcgXc5RUN2ZlFHVcR0mulc7QmK8SnJbUKSw/hzLSseAJjVJ3qeWbMzuu8qQ==",
      "license": "ISC",
      "dependencies": {
        "lodash": "^4.17.21"
      }
    }
  }
}
